
Microsoft Visual Studio Solution File, Format Version 12.00
# Visual Studio Version 17
VisualStudioVersion = 17.4.33213.308
MinimumVisualStudioVersion = 10.0.40219.1
Project("{9A19103F-16F7-4668-BE54-9A1E7A4F7556}") = "SRP", "..\SRP\SRP\SRP.csproj", "{AB51138D-62ED-44D5-A2CA-1E3EA16B493F}"
EndProject
Global
	GlobalSection(SolutionConfigurationPlatforms) = preSolution
		Debug|Any CPU = Debug|Any CPU
		Release|Any CPU = Release|Any CPU
	EndGlobalSection
	GlobalSection(ProjectConfigurationPlatforms) = postSolution
		{AB51138D-62ED-44D5-A2CA-1E3EA16B493F}.Debug|Any CPU.ActiveCfg = Debug|Any CPU
		{AB51138D-62ED-44D5-A2CA-1E3EA16B493F}.Debug|Any CPU.Build.0 = Debug|Any CPU
		{AB51138D-62ED-44D5-A2CA-1E3EA16B493F}.Release|Any CPU.ActiveCfg = Release|Any CPU
		{AB51138D-62ED-44D5-A2CA-1E3EA16B493F}.Release|Any CPU.Build.0 = Release|Any CPU
	EndGlobalSection
	GlobalSection(SolutionProperties) = preSolution
		HideSolutionNode = FALSE
	EndGlobalSection
	GlobalSection(ExtensibilityGlobals) = postSolution
		SolutionGuid = {D0B17103-5EAF-49E9-8D7B-BF05B3F12A0D}
	EndGlobalSection
EndGlobal
